
Microsoft Visual Studio Solution File, Format Version 12.00
# Visual Studio Version 17
VisualStudioVersion = 17.5.33516.290
MinimumVisualStudioVersion = 10.0.40219.1
Project("{9A19103F-16F7-4668-BE54-9A1E7A4F7556}") = "ElasticSearch.API.ElasticClientsSearch", "ElasticSearch.API.ElasticClientsSearch\ElasticSearch.API.ElasticClientsSearch.csproj", "{D7EDE641-C08A-446B-83E3-CE2B4C5A3C94}"
EndProject
Project("{9A19103F-16F7-4668-BE54-9A1E7A4F7556}") = "ElasticSearch.API.Nest", "ElasticSearch.API.Nest\ElasticSearch.API.Nest.csproj", "{FE61CC8D-E442-4FD0-8601-26D2E3588940}"
EndProject
Project("{FAE04EC0-301F-11D3-BF4B-00C04F79EFBC}") = "ElasticSearch.API.Blog.Web", "ElasticSearch.API.Blog\ElasticSearch.API.Blog.Web.csproj", "{52D1838D-5B20-4204-956F-9590CA18E5BA}"
EndProject
Global
	GlobalSection(SolutionConfigurationPlatforms) = preSolution
		Debug|Any CPU = Debug|Any CPU
		Release|Any CPU = Release|Any CPU
	EndGlobalSection
	GlobalSection(ProjectConfigurationPlatforms) = postSolution
		{D7EDE641-C08A-446B-83E3-CE2B4C5A3C94}.Debug|Any CPU.ActiveCfg = Debug|Any CPU
		{D7EDE641-C08A-446B-83E3-CE2B4C5A3C94}.Debug|Any CPU.Build.0 = Debug|Any CPU
		{D7EDE641-C08A-446B-83E3-CE2B4C5A3C94}.Release|Any CPU.ActiveCfg = Release|Any CPU
		{D7EDE641-C08A-446B-83E3-CE2B4C5A3C94}.Release|Any CPU.Build.0 = Release|Any CPU
		{FE61CC8D-E442-4FD0-8601-26D2E3588940}.Debug|Any CPU.ActiveCfg = Debug|Any CPU
		{FE61CC8D-E442-4FD0-8601-26D2E3588940}.Debug|Any CPU.Build.0 = Debug|Any CPU
		{FE61CC8D-E442-4FD0-8601-26D2E3588940}.Release|Any CPU.ActiveCfg = Release|Any CPU
		{FE61CC8D-E442-4FD0-8601-26D2E3588940}.Release|Any CPU.Build.0 = Release|Any CPU
		{52D1838D-5B20-4204-956F-9590CA18E5BA}.Debug|Any CPU.ActiveCfg = Debug|Any CPU
		{52D1838D-5B20-4204-956F-9590CA18E5BA}.Debug|Any CPU.Build.0 = Debug|Any CPU
		{52D1838D-5B20-4204-956F-9590CA18E5BA}.Release|Any CPU.ActiveCfg = Release|Any CPU
		{52D1838D-5B20-4204-956F-9590CA18E5BA}.Release|Any CPU.Build.0 = Release|Any CPU
	EndGlobalSection
	GlobalSection(SolutionProperties) = preSolution
		HideSolutionNode = FALSE
	EndGlobalSection
	GlobalSection(ExtensibilityGlobals) = postSolution
		SolutionGuid = {1AA30601-A72F-4D6C-B9E5-B5E1B7820E01}
	EndGlobalSection
EndGlobal
